# THIS IS AN AUTOGENERATED FILE. DO NOT EDIT THIS FILE DIRECTLY.
# yarn lockfile v1


crypto-js@3.1.9-1:
  version "3.1.9-1"
  resolved "https://registry.yarnpkg.com/crypto-js/-/crypto-js-3.1.9-1.tgz#fda19e761fc077e01ffbfdc6e9fdfc59e8806cd8"
  integrity sha1-/aGedh/Ad+Af+/3G6f38WeiAbNg=

js-base64@^2.5.0:
  version "2.5.0"
  resolved "https://registry.yarnpkg.com/js-base64/-/js-base64-2.5.0.tgz#42255ba183ab67ce59a0dee640afdc00ab5ae93e"
  integrity sha512-wlEBIZ5LP8usDylWbDNhKPEFVFdI5hCHpnVoT/Ysvoi/PRhJENm/Rlh9TvjYB38HFfKZN7OzEbRjmjvLkFw11g==
